// !$*UTF8*$!
{
	archiveVersion = 1;
	classes = {
	};
	objectVersion = 56;
	objects = {

/* Begin PBXBuildFile section */
		238D4CEA2C700BC600F64759 /* ViewController.swift in Sources */ = {isa = PBXBuildFile; fileRef = 238D4CE92C700BC600F64759 /* ViewController.swift */; };
		238D4CED2C700BC600F64759 /* Base in Resources */ = {isa = PBXBuildFile; fileRef = 238D4CEC2C700BC600F64759 /* Base */; };
		238D4CEF2C700BC900F64759 /* Assets.xcassets in Resources */ = {isa = PBXBuildFile; fileRef = 238D4CEE2C700BC900F64759 /* Assets.xcassets */; };
		238D4CF22C700BC900F64759 /* Base in Resources */ = {isa = PBXBuildFile; fileRef = 238D4CF12C700BC900F64759 /* Base */; };
		238D4CFD2C700BC900F64759 /* stockAppTests.swift in Sources */ = {isa = PBXBuildFile; fileRef = 238D4CFC2C700BC900F64759 /* stockAppTests.swift */; };
		238D4D072C700BC900F64759 /* stockAppUITests.swift in Sources */ = {isa = PBXBuildFile; fileRef = 238D4D062C700BC900F64759 /* stockAppUITests.swift */; };
		238D4D092C700BC900F64759 /* stockAppUITestsLaunchTests.swift in Sources */ = {isa = PBXBuildFile; fileRef = 238D4D082C700BC900F64759 /* stockAppUITestsLaunchTests.swift */; };
		238D4D1A2C700CD600F64759 /* StockData.swift in Sources */ = {isa = PBXBuildFile; fileRef = 238D4D192C700CD600F64759 /* StockData.swift */; };
		238D4D1C2C700D0900F64759 /* StockService.swift in Sources */ = {isa = PBXBuildFile; fileRef = 238D4D1B2C700D0900F64759 /* StockService.swift */; };
		238D4D1E2C700D2100F64759 /* StockViewModel.swift in Sources */ = {isa = PBXBuildFile; fileRef = 238D4D1D2C700D2100F64759 /* StockViewModel.swift */; };
		238D4D202C700DE800F64759 /* StockAppApp.swift in Sources */ = {isa = PBXBuildFile; fileRef = 238D4D1F2C700DE800F64759 /* StockAppApp.swift */; };
		238D4D222C700E8D00F64759 /* SceneDelegate.swiftt.swift in Sources */ = {isa = PBXBuildFile; fileRef = 238D4D212C700E8D00F64759 /* SceneDelegate.swiftt.swift */; };
		238D4D242C700EC100F64759 /* AppDelegate.swift in Sources */ = {isa = PBXBuildFile; fileRef = 238D4D232C700EC100F64759 /* AppDelegate.swift */; };
		23CDB8772C70132B004614C3 /* SearchViewController.swift in Sources */ = {isa = PBXBuildFile; fileRef = 23CDB8762C70132B004614C3 /* SearchViewController.swift */; };
		23CDB8792C7013C4004614C3 /* DetailViewController.swift in Sources */ = {isa = PBXBuildFile; fileRef = 23CDB8782C7013C4004614C3 /* DetailViewController.swift */; };
/* End PBXBuildFile section */

/* Begin PBXContainerItemProxy section */
		238D4CF92C700BC900F64759 /* PBXContainerItemProxy */ = {
			isa = PBXContainerItemProxy;
			containerPortal = 238D4CDA2C700BC600F64759 /* Project object */;
			proxyType = 1;
			remoteGlobalIDString = 238D4CE12C700BC600F64759;
			remoteInfo = stockApp;
		};
		238D4D032C700BC900F64759 /* PBXContainerItemProxy */ = {
			isa = PBXContainerItemProxy;
			containerPortal = 238D4CDA2C700BC600F64759 /* Project object */;
			proxyType = 1;
			remoteGlobalIDString = 238D4CE12C700BC600F64759;
			remoteInfo = stockApp;
		};
/* End PBXContainerItemProxy section */

/* Begin PBXFileReference section */
		238D4CE22C700BC600F64759 /* stockApp.app */ = {isa = PBXFileReference; explicitFileType = wrapper.application; includeInIndex = 0; path = stockApp.app; sourceTree = BUILT_PRODUCTS_DIR; };
		238D4CE92C700BC600F64759 /* ViewController.swift */ = {isa = PBXFileReference; lastKnownFileType = sourcecode.swift; path = ViewController.swift; sourceTree = "<group>"; };
		238D4CEC2C700BC600F64759 /* Base */ = {isa = PBXFileReference; lastKnownFileType = file.storyboard; name = Base; path = Base.lproj/Main.storyboard; sourceTree = "<group>"; };
		238D4CEE2C700BC900F64759 /* Assets.xcassets */ = {isa = PBXFileReference; lastKnownFileType = folder.assetcatalog; path = Assets.xcassets; sourceTree = "<group>"; };
		238D4CF12C700BC900F64759 /* Base */ = {isa = PBXFileReference; lastKnownFileType = file.storyboard; name = Base; path = Base.lproj/LaunchScreen.storyboard; sourceTree = "<group>"; };
		238D4CF32C700BC900F64759 /* Info.plist */ = {isa = PBXFileReference; lastKnownFileType = text.plist.xml; path = Info.plist; sourceTree = "<group>"; };
		238D4CF82C700BC900F64759 /* stockAppTests.xctest */ = {isa = PBXFileReference; explicitFileType = wrapper.cfbundle; includeInIndex = 0; path = stockAppTests.xctest; sourceTree = BUILT_PRODUCTS_DIR; };
		238D4CFC2C700BC900F64759 /* stockAppTests.swift */ = {isa = PBXFileReference; lastKnownFileType = sourcecode.swift; path = stockAppTests.swift; sourceTree = "<group>"; };
		238D4D022C700BC900F64759 /* stockAppUITests.xctest */ = {isa = PBXFileReference; explicitFileType = wrapper.cfbundle; includeInIndex = 0; path = stockAppUITests.xctest; sourceTree = BUILT_PRODUCTS_DIR; };
		238D4D062C700BC900F64759 /* stockAppUITests.swift */ = {isa = PBXFileReference; lastKnownFileType = sourcecode.swift; path = stockAppUITests.swift; sourceTree = "<group>"; };
		238D4D082C700BC900F64759 /* stockAppUITestsLaunchTests.swift */ = {isa = PBXFileReference; lastKnownFileType = sourcecode.swift; path = stockAppUITestsLaunchTests.swift; sourceTree = "<group>"; };
		238D4D192C700CD600F64759 /* StockData.swift */ = {isa = PBXFileReference; lastKnownFileType = sourcecode.swift; path = StockData.swift; sourceTree = "<group>"; };
		238D4D1B2C700D0900F64759 /* StockService.swift */ = {isa = PBXFileReference; lastKnownFileType = sourcecode.swift; path = StockService.swift; sourceTree = "<group>"; };
		238D4D1D2C700D2100F64759 /* StockViewModel.swift */ = {isa = PBXFileReference; lastKnownFileType = sourcecode.swift; path = StockViewModel.swift; sourceTree = "<group>"; };
		238D4D1F2C700DE800F64759 /* StockAppApp.swift */ = {isa = PBXFileReference; lastKnownFileType = sourcecode.swift; path = StockAppApp.swift; sourceTree = "<group>"; };
		238D4D212C700E8D00F64759 /* SceneDelegate.swiftt.swift */ = {isa = PBXFileReference; lastKnownFileType = sourcecode.swift; path = SceneDelegate.swiftt.swift; sourceTree = "<group>"; };
		238D4D232C700EC100F64759 /* AppDelegate.swift */ = {isa = PBXFileReference; lastKnownFileType = sourcecode.swift; path = AppDelegate.swift; sourceTree = "<group>"; };
		23CDB8762C70132B004614C3 /* SearchViewController.swift */ = {isa = PBXFileReference; lastKnownFileType = sourcecode.swift; path = SearchViewController.swift; sourceTree = "<group>"; };
		23CDB8782C7013C4004614C3 /* DetailViewController.swift */ = {isa = PBXFileReference; lastKnownFileType = sourcecode.swift; path = DetailViewController.swift; sourceTree = "<group>"; };
/* End PBXFileReference section */

/* Begin PBXFrameworksBuildPhase section */
		238D4CDF2C700BC600F64759 /* Frameworks */ = {
			isa = PBXFrameworksBuildPhase;
			buildActionMask = 2147483647;
			files = (
			);
			runOnlyForDeploymentPostprocessing = 0;
		};
		238D4CF52C700BC900F64759 /* Frameworks */ = {
			isa = PBXFrameworksBuildPhase;
			buildActionMask = 2147483647;
			files = (
			);
			runOnlyForDeploymentPostprocessing = 0;
		};
		238D4CFF2C700BC900F64759 /* Frameworks */ = {
			isa = PBXFrameworksBuildPhase;
			buildActionMask = 2147483647;
			files = (
			);
			runOnlyForDeploymentPostprocessing = 0;
		};
/* End PBXFrameworksBuildPhase section */

/* Begin PBXGroup section */
		238D4CD92C700BC600F64759 = {
			isa = PBXGroup;
			children = (
				238D4D172C700C7100F64759 /* Views */,
				238D4D182C700C8A00F64759 /* Services */,
				238D4D152C700C3300F64759 /* Model */,
				238D4D162C700C3E00F64759 /* ViewModel */,
				238D4CE42C700BC600F64759 /* stockApp */,
				238D4CFB2C700BC900F64759 /* stockAppTests */,
				238D4D052C700BC900F64759 /* stockAppUITests */,
				238D4CE32C700BC600F64759 /* Products */,
			);
			sourceTree = "<group>";
		};
		238D4CE32C700BC600F64759 /* Products */ = {
			isa = PBXGroup;
			children = (
				238D4CE22C700BC600F64759 /* stockApp.app */,
				238D4CF82C700BC900F64759 /* stockAppTests.xctest */,
				238D4D022C700BC900F64759 /* stockAppUITests.xctest */,
			);
			name = Products;
			sourceTree = "<group>";
		};
		238D4CE42C700BC600F64759 /* stockApp */ = {
			isa = PBXGroup;
			children = (
				238D4CEB2C700BC600F64759 /* Main.storyboard */,
				238D4D232C700EC100F64759 /* AppDelegate.swift */,
				238D4CEE2C700BC900F64759 /* Assets.xcassets */,
				238D4CF02C700BC900F64759 /* LaunchScreen.storyboard */,
				238D4CF32C700BC900F64759 /* Info.plist */,
				238D4D1F2C700DE800F64759 /* StockAppApp.swift */,
				238D4D212C700E8D00F64759 /* SceneDelegate.swiftt.swift */,
			);
			path = stockApp;
			sourceTree = "<group>";
		};
		238D4CFB2C700BC900F64759 /* stockAppTests */ = {
			isa = PBXGroup;
			children = (
				238D4CFC2C700BC900F64759 /* stockAppTests.swift */,
			);
			path = stockAppTests;
			sourceTree = "<group>";
		};
		238D4D052C700BC900F64759 /* stockAppUITests */ = {
			isa = PBXGroup;
			children = (
				238D4D062C700BC900F64759 /* stockAppUITests.swift */,
				238D4D082C700BC900F64759 /* stockAppUITestsLaunchTests.swift */,
			);
			path = stockAppUITests;
			sourceTree = "<group>";
		};
		238D4D152C700C3300F64759 /* Model */ = {
			isa = PBXGroup;
			children = (
				238D4D192C700CD600F64759 /* StockData.swift */,
			);
			path = Model;
			sourceTree = "<group>";
		};
		238D4D162C700C3E00F64759 /* ViewModel */ = {
			isa = PBXGroup;
			children = (
				238D4D1D2C700D2100F64759 /* StockViewModel.swift */,
			);
			path = ViewModel;
			sourceTree = "<group>";
		};
		238D4D172C700C7100F64759 /* Views */ = {
			isa = PBXGroup;
			children = (
				238D4CE92C700BC600F64759 /* ViewController.swift */,
				23CDB8762C70132B004614C3 /* SearchViewController.swift */,
				23CDB8782C7013C4004614C3 /* DetailViewController.swift */,
			);
			path = Views;
			sourceTree = "<group>";
		};
		238D4D182C700C8A00F64759 /* Services */ = {
			isa = PBXGroup;
			children = (
				238D4D1B2C700D0900F64759 /* StockService.swift */,
			);
			path = Services;
			sourceTree = "<group>";
		};
/* End PBXGroup section */

/* Begin PBXNativeTarget section */
		238D4CE12C700BC600F64759 /* stockApp */ = {
			isa = PBXNativeTarget;
			buildConfigurationList = 238D4D0C2C700BC900F64759 /* Build configuration list for PBXNativeTarget "stockApp" */;
			buildPhases = (
				238D4CDE2C700BC600F64759 /* Sources */,
				238D4CDF2C700BC600F64759 /* Frameworks */,
				238D4CE02C700BC600F64759 /* Resources */,
			);
			buildRules = (
			);
			dependencies = (
			);
			name = stockApp;
			productName = stockApp;
			productReference = 238D4CE22C700BC600F64759 /* stockApp.app */;
			productType = "com.apple.product-type.application";
		};
		238D4CF72C700BC900F64759 /* stockAppTests */ = {
			isa = PBXNativeTarget;
			buildConfigurationList = 238D4D0F2C700BC900F64759 /* Build configuration list for PBXNativeTarget "stockAppTests" */;
			buildPhases = (
				238D4CF42C700BC900F64759 /* Sources */,
				238D4CF52C700BC900F64759 /* Frameworks */,
				238D4CF62C700BC900F64759 /* Resources */,
			);
			buildRules = (
			);
			dependencies = (
				238D4CFA2C700BC900F64759 /* PBXTargetDependency */,
			);
			name = stockAppTests;
			productName = stockAppTests;
			productReference = 238D4CF82C700BC900F64759 /* stockAppTests.xctest */;
			productType = "com.apple.product-type.bundle.unit-test";
		};
		238D4D012C700BC900F64759 /* stockAppUITests */ = {
			isa = PBXNativeTarget;
			buildConfigurationList = 238D4D122C700BC900F64759 /* Build configuration list for PBXNativeTarget "stockAppUITests" */;
			buildPhases = (
				238D4CFE2C700BC900F64759 /* Sources */,
				238D4CFF2C700BC900F64759 /* Frameworks */,
				238D4D002C700BC900F64759 /* Resources */,
			);
			buildRules = (
			);
			dependencies = (
				238D4D042C700BC900F64759 /* PBXTargetDependency */,
			);
			name = stockAppUITests;
			productName = stockAppUITests;
			productReference = 238D4D022C700BC900F64759 /* stockAppUITests.xctest */;
			productType = "com.apple.product-type.bundle.ui-testing";
		};
/* End PBXNativeTarget section */

/* Begin PBXProject section */
		238D4CDA2C700BC600F64759 /* Project object */ = {
			isa = PBXProject;
			attributes = {
				BuildIndependentTargetsInParallel = 1;
				LastSwiftUpdateCheck = 1540;
				LastUpgradeCheck = 1540;
				TargetAttributes = {
					238D4CE12C700BC600F64759 = {
						CreatedOnToolsVersion = 15.4;
					};
					238D4CF72C700BC900F64759 = {
						CreatedOnToolsVersion = 15.4;
						TestTargetID = 238D4CE12C700BC600F64759;
					};
					238D4D012C700BC900F64759 = {
						CreatedOnToolsVersion = 15.4;
						TestTargetID = 238D4CE12C700BC600F64759;
					};
				};
			};
			buildConfigurationList = 238D4CDD2C700BC600F64759 /* Build configuration list for PBXProject "stockApp" */;
			compatibilityVersion = "Xcode 14.0";
			developmentRegion = en;
			hasScannedForEncodings = 0;
			knownRegions = (
				en,
				Base,
			);
			mainGroup = 238D4CD92C700BC600F64759;
			productRefGroup = 238D4CE32C700BC600F64759 /* Products */;
			projectDirPath = "";
			projectRoot = "";
			targets = (
				238D4CE12C700BC600F64759 /* stockApp */,
				238D4CF72C700BC900F64759 /* stockAppTests */,
				238D4D012C700BC900F64759 /* stockAppUITests */,
			);
		};
/* End PBXProject section */

/* Begin PBXResourcesBuildPhase section */
		238D4CE02C700BC600F64759 /* Resources */ = {
			isa = PBXResourcesBuildPhase;
			buildActionMask = 2147483647;
			files = (
				238D4CEF2C700BC900F64759 /* Assets.xcassets in Resources */,
				238D4CF22C700BC900F64759 /* Base in Resources */,
				238D4CED2C700BC600F64759 /* Base in Resources */,
			);
			runOnlyForDeploymentPostprocessing = 0;
		};
		238D4CF62C700BC900F64759 /* Resources */ = {
			isa = PBXResourcesBuildPhase;
			buildActionMask = 2147483647;
			files = (
			);
			runOnlyForDeploymentPostprocessing = 0;
		};
		238D4D002C700BC900F64759 /* Resources */ = {
			isa = PBXResourcesBuildPhase;
			buildActionMask = 2147483647;
			files = (
			);
			runOnlyForDeploymentPostprocessing = 0;
		};
/* End PBXResourcesBuildPhase section */

/* Begin PBXSourcesBuildPhase section */
		238D4CDE2C700BC600F64759 /* Sources */ = {
			isa = PBXSourcesBuildPhase;
			buildActionMask = 2147483647;
			files = (
				23CDB8792C7013C4004614C3 /* DetailViewController.swift in Sources */,
				238D4D1A2C700CD600F64759 /* StockData.swift in Sources */,
				238D4CEA2C700BC600F64759 /* ViewController.swift in Sources */,
				23CDB8772C70132B004614C3 /* SearchViewController.swift in Sources */,
				238D4D1E2C700D2100F64759 /* StockViewModel.swift in Sources */,
				238D4D222C700E8D00F64759 /* SceneDelegate.swiftt.swift in Sources */,
				238D4D242C700EC100F64759 /* AppDelegate.swift in Sources */,
				238D4D202C700DE800F64759 /* StockAppApp.swift in Sources */,
				238D4D1C2C700D0900F64759 /* StockService.swift in Sources */,
			);
			runOnlyForDeploymentPostprocessing = 0;
		};
		238D4CF42C700BC900F64759 /* Sources */ = {
			isa = PBXSourcesBuildPhase;
			buildActionMask = 2147483647;
			files = (
				238D4CFD2C700BC900F64759 /* stockAppTests.swift in Sources */,
			);
			runOnlyForDeploymentPostprocessing = 0;
		};
		238D4CFE2C700BC900F64759 /* Sources */ = {
			isa = PBXSourcesBuildPhase;
			buildActionMask = 2147483647;
			files = (
				238D4D092C700BC900F64759 /* stockAppUITestsLaunchTests.swift in Sources */,
				238D4D072C700BC900F64759 /* stockAppUITests.swift in Sources */,
			);
			runOnlyForDeploymentPostprocessing = 0;
		};
/* End PBXSourcesBuildPhase section */

/* Begin PBXTargetDependency section */
		238D4CFA2C700BC900F64759 /* PBXTargetDependency */ = {
			isa = PBXTargetDependency;
			target = 238D4CE12C700BC600F64759 /* stockApp */;
			targetProxy = 238D4CF92C700BC900F64759 /* PBXContainerItemProxy */;
		};
		238D4D042C700BC900F64759 /* PBXTargetDependency */ = {
			isa = PBXTargetDependency;
			target = 238D4CE12C700BC600F64759 /* stockApp */;
			targetProxy = 238D4D032C700BC900F64759 /* PBXContainerItemProxy */;
		};
/* End PBXTargetDependency section */

/* Begin PBXVariantGroup section */
		238D4CEB2C700BC600F64759 /* Main.storyboard */ = {
			isa = PBXVariantGroup;
			children = (
				238D4CEC2C700BC600F64759 /* Base */,
			);
			name = Main.storyboard;
			sourceTree = "<group>";
		};
		238D4CF02C700BC900F64759 /* LaunchScreen.storyboard */ = {
			isa = PBXVariantGroup;
			children = (
				238D4CF12C700BC900F64759 /* Base */,
			);
			name = LaunchScreen.storyboard;
			sourceTree = "<group>";
		};
/* End PBXVariantGroup section */

/* Begin XCBuildConfiguration section */
		238D4D0A2C700BC900F64759 /* Debug */ = {
			isa = XCBuildConfiguration;
			buildSettings = {
				ALWAYS_SEARCH_USER_PATHS = NO;
				ASSETCATALOG_COMPILER_GENERATE_SWIFT_ASSET_SYMBOL_EXTENSIONS = YES;
				CLANG_ANALYZER_NONNULL = YES;
				CLANG_ANALYZER_NUMBER_OBJECT_CONVERSION = YES_AGGRESSIVE;
				CLANG_CXX_LANGUAGE_STANDARD = "gnu++20";
				CLANG_ENABLE_MODULES = YES;
				CLANG_ENABLE_OBJC_ARC = YES;
				CLANG_ENABLE_OBJC_WEAK = YES;
				CLANG_WARN_BLOCK_CAPTURE_AUTORELEASING = YES;
				CLANG_WARN_BOOL_CONVERSION = YES;
				CLANG_WARN_COMMA = YES;
				CLANG_WARN_CONSTANT_CONVERSION = YES;
				CLANG_WARN_DEPRECATED_OBJC_IMPLEMENTATIONS = YES;
				CLANG_WARN_DIRECT_OBJC_ISA_USAGE = YES_ERROR;
				CLANG_WARN_DOCUMENTATION_COMMENTS = YES;
				CLANG_WARN_EMPTY_BODY = YES;
				CLANG_WARN_ENUM_CONVERSION = YES;
				CLANG_WARN_INFINITE_RECURSION = YES;
				CLANG_WARN_INT_CONVERSION = YES;
				CLANG_WARN_NON_LITERAL_NULL_CONVERSION = YES;
				CLANG_WARN_OBJC_IMPLICIT_RETAIN_SELF = YES;
				CLANG_WARN_OBJC_LITERAL_CONVERSION = YES;
				CLANG_WARN_OBJC_ROOT_CLASS = YES_ERROR;
				CLANG_WARN_QUOTED_INCLUDE_IN_FRAMEWORK_HEADER = YES;
				CLANG_WARN_RANGE_LOOP_ANALYSIS = YES;
				CLANG_WARN_STRICT_PROTOTYPES = YES;
				CLANG_WARN_SUSPICIOUS_MOVE = YES;
				CLANG_WARN_UNGUARDED_AVAILABILITY = YES_AGGRESSIVE;
				CLANG_WARN_UNREACHABLE_CODE = YES;
				CLANG_WARN__DUPLICATE_METHOD_MATCH = YES;
				COPY_PHASE_STRIP = NO;
				DEBUG_INFORMATION_FORMAT = dwarf;
				ENABLE_STRICT_OBJC_MSGSEND = YES;
				ENABLE_TESTABILITY = YES;
				ENABLE_USER_SCRIPT_SANDBOXING = YES;
				GCC_C_LANGUAGE_STANDARD = gnu17;
				GCC_DYNAMIC_NO_PIC = NO;
				GCC_NO_COMMON_BLOCKS = YES;
				GCC_OPTIMIZATION_LEVEL = 0;
				GCC_PREPROCESSOR_DEFINITIONS = (
					"DEBUG=1",
					"$(inherited)",
				);
				GCC_WARN_64_TO_32_BIT_CONVERSION = YES;
				GCC_WARN_ABOUT_RETURN_TYPE = YES_ERROR;
				GCC_WARN_UNDECLARED_SELECTOR = YES;
				GCC_WARN_UNINITIALIZED_AUTOS = YES_AGGRESSIVE;
				GCC_WARN_UNUSED_FUNCTION = YES;
				GCC_WARN_UNUSED_VARIABLE = YES;
				IPHONEOS_DEPLOYMENT_TARGET = 17.5;
				LOCALIZATION_PREFERS_STRING_CATALOGS = YES;
				MTL_ENABLE_DEBUG_INFO = INCLUDE_SOURCE;
				MTL_FAST_MATH = YES;
				ONLY_ACTIVE_ARCH = YES;
				SDKROOT = iphoneos;
				SWIFT_ACTIVE_COMPILATION_CONDITIONS = "DEBUG $(inherited)";
				SWIFT_OPTIMIZATION_LEVEL = "-Onone";
			};
			name = Debug;
		};
		238D4D0B2C700BC900F64759 /* Release */ = {
			isa = XCBuildConfiguration;
			buildSettings = {
				ALWAYS_SEARCH_USER_PATHS = NO;
				ASSETCATALOG_COMPILER_GENERATE_SWIFT_ASSET_SYMBOL_EXTENSIONS = YES;
				CLANG_ANALYZER_NONNULL = YES;
				CLANG_ANALYZER_NUMBER_OBJECT_CONVERSION = YES_AGGRESSIVE;
				CLANG_CXX_LANGUAGE_STANDARD = "gnu++20";
				CLANG_ENABLE_MODULES = YES;
				CLANG_ENABLE_OBJC_ARC = YES;
				CLANG_ENABLE_OBJC_WEAK = YES;
				CLANG_WARN_BLOCK_CAPTURE_AUTORELEASING = YES;
				CLANG_WARN_BOOL_CONVERSION = YES;
				CLANG_WARN_COMMA = YES;
				CLANG_WARN_CONSTANT_CONVERSION = YES;
				CLANG_WARN_DEPRECATED_OBJC_IMPLEMENTATIONS = YES;
				CLANG_WARN_DIRECT_OBJC_ISA_USAGE = YES_ERROR;
				CLANG_WARN_DOCUMENTATION_COMMENTS = YES;
				CLANG_WARN_EMPTY_BODY = YES;
				CLANG_WARN_ENUM_CONVERSION = YES;
				CLANG_WARN_INFINITE_RECURSION = YES;
				CLANG_WARN_INT_CONVERSION = YES;
				CLANG_WARN_NON_LITERAL_NULL_CONVERSION = YES;
				CLANG_WARN_OBJC_IMPLICIT_RETAIN_SELF = YES;
				CLANG_WARN_OBJC_LITERAL_CONVERSION = YES;
				CLANG_WARN_OBJC_ROOT_CLASS = YES_ERROR;
				CLANG_WARN_QUOTED_INCLUDE_IN_FRAMEWORK_HEADER = YES;
				CLANG_WARN_RANGE_LOOP_ANALYSIS = YES;
				CLANG_WARN_STRICT_PROTOTYPES = YES;
				CLANG_WARN_SUSPICIOUS_MOVE = YES;
				CLANG_WARN_UNGUARDED_AVAILABILITY = YES_AGGRESSIVE;
				CLANG_WARN_UNREACHABLE_CODE = YES;
				CLANG_WARN__DUPLICATE_METHOD_MATCH = YES;
				COPY_PHASE_STRIP = NO;
				DEBUG_INFORMATION_FORMAT = "dwarf-with-dsym";
				ENABLE_NS_ASSERTIONS = NO;
				ENABLE_STRICT_OBJC_MSGSEND = YES;
				ENABLE_USER_SCRIPT_SANDBOXING = YES;
				GCC_C_LANGUAGE_STANDARD = gnu17;
				GCC_NO_COMMON_BLOCKS = YES;
				GCC_WARN_64_TO_32_BIT_CONVERSION = YES;
				GCC_WARN_ABOUT_RETURN_TYPE = YES_ERROR;
				GCC_WARN_UNDECLARED_SELECTOR = YES;
				GCC_WARN_UNINITIALIZED_AUTOS = YES_AGGRESSIVE;
				GCC_WARN_UNUSED_FUNCTION = YES;
				GCC_WARN_UNUSED_VARIABLE = YES;
				IPHONEOS_DEPLOYMENT_TARGET = 17.5;
				LOCALIZATION_PREFERS_STRING_CATALOGS = YES;
				MTL_ENABLE_DEBUG_INFO = NO;
				MTL_FAST_MATH = YES;
				SDKROOT = iphoneos;
				SWIFT_COMPILATION_MODE = wholemodule;
				VALIDATE_PRODUCT = YES;
			};
			name = Release;
		};
		238D4D0D2C700BC900F64759 /* Debug */ = {
			isa = XCBuildConfiguration;
			buildSettings = {
				ASSETCATALOG_COMPILER_APPICON_NAME = AppIcon;
				ASSETCATALOG_COMPILER_GLOBAL_ACCENT_COLOR_NAME = AccentColor;
				CODE_SIGN_STYLE = Automatic;
				CURRENT_PROJECT_VERSION = 1;
				GENERATE_INFOPLIST_FILE = YES;
				INFOPLIST_FILE = stockApp/Info.plist;
				INFOPLIST_KEY_UIApplicationSupportsIndirectInputEvents = YES;
				INFOPLIST_KEY_UILaunchStoryboardName = LaunchScreen;
				INFOPLIST_KEY_UIMainStoryboardFile = Main;
				INFOPLIST_KEY_UISupportedInterfaceOrientations_iPad = "UIInterfaceOrientationPortrait UIInterfaceOrientationPortraitUpsideDown UIInterfaceOrientationLandscapeLeft UIInterfaceOrientationLandscapeRight";
				INFOPLIST_KEY_UISupportedInterfaceOrientations_iPhone = "UIInterfaceOrientationPortrait UIInterfaceOrientationLandscapeLeft UIInterfaceOrientationLandscapeRight";
				LD_RUNPATH_SEARCH_PATHS = (
					"$(inherited)",
					"@executable_path/Frameworks",
				);
				MARKETING_VERSION = 1.0;
				PRODUCT_BUNDLE_IDENTIFIER = senecamap.stockApp;
				PRODUCT_NAME = "$(TARGET_NAME)";
				SWIFT_EMIT_LOC_STRINGS = YES;
				SWIFT_VERSION = 5.0;
				TARGETED_DEVICE_FAMILY = "1,2";
			};
			name = Debug;
		};
		238D4D0E2C700BC900F64759 /* Release */ = {
			isa = XCBuildConfiguration;
			buildSettings = {
				ASSETCATALOG_COMPILER_APPICON_NAME = AppIcon;
				ASSETCATALOG_COMPILER_GLOBAL_ACCENT_COLOR_NAME = AccentColor;
				CODE_SIGN_STYLE = Automatic;
				CURRENT_PROJECT_VERSION = 1;
				GENERATE_INFOPLIST_FILE = YES;
				INFOPLIST_FILE = stockApp/Info.plist;
				INFOPLIST_KEY_UIApplicationSupportsIndirectInputEvents = YES;
				INFOPLIST_KEY_UILaunchStoryboardName = LaunchScreen;
				INFOPLIST_KEY_UIMainStoryboardFile = Main;
				INFOPLIST_KEY_UISupportedInterfaceOrientations_iPad = "UIInterfaceOrientationPortrait UIInterfaceOrientationPortraitUpsideDown UIInterfaceOrientationLandscapeLeft UIInterfaceOrientationLandscapeRight";
				INFOPLIST_KEY_UISupportedInterfaceOrientations_iPhone = "UIInterfaceOrientationPortrait UIInterfaceOrientationLandscapeLeft UIInterfaceOrientationLandscapeRight";
				LD_RUNPATH_SEARCH_PATHS = (
					"$(inherited)",
					"@executable_path/Frameworks",
				);
				MARKETING_VERSION = 1.0;
				PRODUCT_BUNDLE_IDENTIFIER = senecamap.stockApp;
				PRODUCT_NAME = "$(TARGET_NAME)";
				SWIFT_EMIT_LOC_STRINGS = YES;
				SWIFT_VERSION = 5.0;
				TARGETED_DEVICE_FAMILY = "1,2";
			};
			name = Release;
		};
		238D4D102C700BC900F64759 /* Debug */ = {
			isa = XCBuildConfiguration;
			buildSettings = {
				ALWAYS_EMBED_SWIFT_STANDARD_LIBRARIES = YES;
				BUNDLE_LOADER = "$(TEST_HOST)";
				CODE_SIGN_STYLE = Automatic;
				CURRENT_PROJECT_VERSION = 1;
				GENERATE_INFOPLIST_FILE = YES;
				IPHONEOS_DEPLOYMENT_TARGET = 17.5;
				MARKETING_VERSION = 1.0;
				PRODUCT_BUNDLE_IDENTIFIER = senecamap.stockAppTests;
				PRODUCT_NAME = "$(TARGET_NAME)";
				SWIFT_EMIT_LOC_STRINGS = NO;
				SWIFT_VERSION = 5.0;
				TARGETED_DEVICE_FAMILY = "1,2";
				TEST_HOST = "$(BUILT_PRODUCTS_DIR)/stockApp.app/$(BUNDLE_EXECUTABLE_FOLDER_PATH)/stockApp";
			};
			name = Debug;
		};
		238D4D112C700BC900F64759 /* Release */ = {
			isa = XCBuildConfiguration;
			buildSettings = {
				ALWAYS_EMBED_SWIFT_STANDARD_LIBRARIES = YES;
				BUNDLE_LOADER = "$(TEST_HOST)";
				CODE_SIGN_STYLE = Automatic;
				CURRENT_PROJECT_VERSION = 1;
				GENERATE_INFOPLIST_FILE = YES;
				IPHONEOS_DEPLOYMENT_TARGET = 17.5;
				MARKETING_VERSION = 1.0;
				PRODUCT_BUNDLE_IDENTIFIER = senecamap.stockAppTests;
				PRODUCT_NAME = "$(TARGET_NAME)";
				SWIFT_EMIT_LOC_STRINGS = NO;
				SWIFT_VERSION = 5.0;
				TARGETED_DEVICE_FAMILY = "1,2";
				TEST_HOST = "$(BUILT_PRODUCTS_DIR)/stockApp.app/$(BUNDLE_EXECUTABLE_FOLDER_PATH)/stockApp";
			};
			name = Release;
		};
		238D4D132C700BC900F64759 /* Debug */ = {
			isa = XCBuildConfiguration;
			buildSettings = {
				ALWAYS_EMBED_SWIFT_STANDARD_LIBRARIES = YES;
				CODE_SIGN_STYLE = Automatic;
				CURRENT_PROJECT_VERSION = 1;
				GENERATE_INFOPLIST_FILE = YES;
				MARKETING_VERSION = 1.0;
				PRODUCT_BUNDLE_IDENTIFIER = senecamap.stockAppUITests;
				PRODUCT_NAME = "$(TARGET_NAME)";
				SWIFT_EMIT_LOC_STRINGS = NO;
				SWIFT_VERSION = 5.0;
				TARGETED_DEVICE_FAMILY = "1,2";
				TEST_TARGET_NAME = stockApp;
			};
			name = Debug;
		};
		238D4D142C700BC900F64759 /* Release */ = {
			isa = XCBuildConfiguration;
			buildSettings = {
				ALWAYS_EMBED_SWIFT_STANDARD_LIBRARIES = YES;
				CODE_SIGN_STYLE = Automatic;
				CURRENT_PROJECT_VERSION = 1;
				GENERATE_INFOPLIST_FILE = YES;
				MARKETING_VERSION = 1.0;
				PRODUCT_BUNDLE_IDENTIFIER = senecamap.stockAppUITests;
				PRODUCT_NAME = "$(TARGET_NAME)";
				SWIFT_EMIT_LOC_STRINGS = NO;
				SWIFT_VERSION = 5.0;
				TARGETED_DEVICE_FAMILY = "1,2";
				TEST_TARGET_NAME = stockApp;
			};
			name = Release;
		};
/* End XCBuildConfiguration section */

/* Begin XCConfigurationList section */
		238D4CDD2C700BC600F64759 /* Build configuration list for PBXProject "stockApp" */ = {
			isa = XCConfigurationList;
			buildConfigurations = (
				238D4D0A2C700BC900F64759 /* Debug */,
				238D4D0B2C700BC900F64759 /* Release */,
			);
			defaultConfigurationIsVisible = 0;
			defaultConfigurationName = Release;
		};
		238D4D0C2C700BC900F64759 /* Build configuration list for PBXNativeTarget "stockApp" */ = {
			isa = XCConfigurationList;
			buildConfigurations = (
				238D4D0D2C700BC900F64759 /* Debug */,
				238D4D0E2C700BC900F64759 /* Release */,
			);
			defaultConfigurationIsVisible = 0;
			defaultConfigurationName = Release;
		};
		238D4D0F2C700BC900F64759 /* Build configuration list for PBXNativeTarget "stockAppTests" */ = {
			isa = XCConfigurationList;
			buildConfigurations = (
				238D4D102C700BC900F64759 /* Debug */,
				238D4D112C700BC900F64759 /* Release */,
			);
			defaultConfigurationIsVisible = 0;
			defaultConfigurationName = Release;
		};
		238D4D122C700BC900F64759 /* Build configuration list for PBXNativeTarget "stockAppUITests" */ = {
			isa = XCConfigurationList;
			buildConfigurations = (
				238D4D132C700BC900F64759 /* Debug */,
				238D4D142C700BC900F64759 /* Release */,
			);
			defaultConfigurationIsVisible = 0;
			defaultConfigurationName = Release;
		};
/* End XCConfigurationList section */
	};
	rootObject = 238D4CDA2C700BC600F64759 /* Project object */;
}
